{
  "version": 4,
  "terraform_version": "1.8.4",
  "serial": 51,
  "lineage": "79f60055-db87-c032-ac32-d98befecf16a",
  "outputs": {
    "list_pvt_ip": {
      "value": [
        [
          "10.1.1.4"
        ]
      ],
      "type": [
        "tuple",
        [
          [
            "list",
            "string"
          ]
        ]
      ]
    },
    "load_balancer_id": {
      "value": "/subscriptions/8dbd13eb-c593-46e3-9c91-862635533188/resourceGroups/HR-Dev-rg-default-574359/providers/Microsoft.Network/loadBalancers/web-lb",
      "type": "string"
    },
    "network-interface-pvtip": {
      "value": "10.1.1.4",
      "type": "string"
    },
    "virtual_network_id": {
      "value": "/subscriptions/8dbd13eb-c593-46e3-9c91-862635533188/resourceGroups/HR-Dev-rg-default-574359/providers/Microsoft.Network/virtualNetworks/HR-Dev-myvnet-1",
      "type": "string"
    },
    "virtual_network_name": {
      "value": "HR-Dev-myvnet-1",
      "type": "string"
    }
  },
  "resources": [
    {
      "mode": "managed",
      "type": "azurerm_bastion_host",
      "name": "bastion_host",
      "provider": "provider[\"registry.terraform.io/hashicorp/azurerm\"]",
      "instances": [
        {
          "schema_version": 0,
          "attributes": {
            "copy_paste_enabled": true,
            "dns_name": "bst-c2a33a5c-bfd9-41d4-b7df-9e217dec0f00.bastion.azure.com",
            "file_copy_enabled": false,
            "id": "/subscriptions/8dbd13eb-c593-46e3-9c91-862635533188/resourceGroups/HR-Dev-rg-default-574359/providers/Microsoft.Network/bastionHosts/HR-Dev-host-service",
            "ip_configuration": [
              {
                "name": "configuration",
                "public_ip_address_id": "/subscriptions/8dbd13eb-c593-46e3-9c91-862635533188/resourceGroups/HR-Dev-rg-default-574359/providers/Microsoft.Network/publicIPAddresses/HR-Dev-bastion-pub-ip",
                "subnet_id": "/subscriptions/8dbd13eb-c593-46e3-9c91-862635533188/resourceGroups/HR-Dev-rg-default-574359/providers/Microsoft.Network/virtualNetworks/HR-Dev-myvnet-1/subnets/AzureBastionSubnet"
              }
            ],
            "ip_connect_enabled": false,
            "kerberos_enabled": false,
            "location": "eastus",
            "name": "HR-Dev-host-service",
            "resource_group_name": "HR-Dev-rg-default-574359",
            "scale_units": 2,
            "session_recording_enabled": false,
            "shareable_link_enabled": false,
            "sku": "Basic",
            "tags": {},
            "timeouts": null,
            "tunneling_enabled": false,
            "virtual_network_id": "",
            "zones": []
          },
          "sensitive_attributes": [],
          "private": "eyJlMmJmYjczMC1lY2FhLTExZTYtOGY4OC0zNDM2M2JjN2M0YzAiOnsiY3JlYXRlIjoxODAwMDAwMDAwMDAwLCJkZWxldGUiOjE4MDAwMDAwMDAwMDAsInJlYWQiOjMwMDAwMDAwMDAwMCwidXBkYXRlIjoxODAwMDAwMDAwMDAwfX0=",
          "dependencies": [
            "azurerm_public_ip.bastion_public_ip",
            "azurerm_resource_group.myrg",
            "azurerm_subnet.bastion_service_subnet",
            "azurerm_virtual_network.vnet",
            "random_string.myrandom"
          ]
        }
      ]
    },
    {
      "mode": "managed",
      "type": "azurerm_lb",
      "name": "web_lb",
      "provider": "provider[\"registry.terraform.io/hashicorp/azurerm\"]",
      "instances": [
        {
          "schema_version": 0,
          "attributes": {
            "edge_zone": "",
            "frontend_ip_configuration": [
              {
                "gateway_load_balancer_frontend_ip_configuration_id": "",
                "id": "/subscriptions/8dbd13eb-c593-46e3-9c91-862635533188/resourceGroups/HR-Dev-rg-default-574359/providers/Microsoft.Network/loadBalancers/web-lb/frontendIPConfigurations/web-frontip",
                "inbound_nat_rules": [],
                "load_balancer_rules": [],
                "name": "web-frontip",
                "outbound_rules": [],
                "private_ip_address": "",
                "private_ip_address_allocation": "Dynamic",
                "private_ip_address_version": "",
                "public_ip_address_id": "/subscriptions/8dbd13eb-c593-46e3-9c91-862635533188/resourceGroups/HR-Dev-rg-default-574359/providers/Microsoft.Network/publicIPAddresses/web-lb-ip",
                "public_ip_prefix_id": "",
                "subnet_id": "",
                "zones": null
              }
            ],
            "id": "/subscriptions/8dbd13eb-c593-46e3-9c91-862635533188/resourceGroups/HR-Dev-rg-default-574359/providers/Microsoft.Network/loadBalancers/web-lb",
            "location": "eastus",
            "name": "web-lb",
            "private_ip_address": "",
            "private_ip_addresses": [],
            "resource_group_name": "HR-Dev-rg-default-574359",
            "sku": "Standard",
            "sku_tier": "Regional",
            "tags": null,
            "timeouts": null
          },
          "sensitive_attributes": [],
          "private": "eyJlMmJmYjczMC1lY2FhLTExZTYtOGY4OC0zNDM2M2JjN2M0YzAiOnsiY3JlYXRlIjoxODAwMDAwMDAwMDAwLCJkZWxldGUiOjE4MDAwMDAwMDAwMDAsInJlYWQiOjMwMDAwMDAwMDAwMCwidXBkYXRlIjoxODAwMDAwMDAwMDAwfX0=",
          "dependencies": [
            "azurerm_public_ip.lbip",
            "azurerm_resource_group.myrg",
            "random_string.myrandom"
          ]
        }
      ]
    },
    {
      "mode": "managed",
      "type": "azurerm_lb_backend_address_pool",
      "name": "backend_pool",
      "provider": "provider[\"registry.terraform.io/hashicorp/azurerm\"]",
      "instances": [
        {
          "schema_version": 0,
          "attributes": {
            "backend_ip_configurations": [],
            "id": "/subscriptions/8dbd13eb-c593-46e3-9c91-862635533188/resourceGroups/HR-Dev-rg-default-574359/providers/Microsoft.Network/loadBalancers/web-lb/backendAddressPools/backendpool-1",
            "inbound_nat_rules": [],
            "load_balancing_rules": [],
            "loadbalancer_id": "/subscriptions/8dbd13eb-c593-46e3-9c91-862635533188/resourceGroups/HR-Dev-rg-default-574359/providers/Microsoft.Network/loadBalancers/web-lb",
            "name": "backendpool-1",
            "outbound_rules": [],
            "synchronous_mode": "",
            "timeouts": null,
            "tunnel_interface": [],
            "virtual_network_id": ""
          },
          "sensitive_attributes": [],
          "private": "eyJlMmJmYjczMC1lY2FhLTExZTYtOGY4OC0zNDM2M2JjN2M0YzAiOnsiY3JlYXRlIjoxODAwMDAwMDAwMDAwLCJkZWxldGUiOjE4MDAwMDAwMDAwMDAsInJlYWQiOjMwMDAwMDAwMDAwMCwidXBkYXRlIjoxODAwMDAwMDAwMDAwfX0=",
          "dependencies": [
            "azurerm_lb.web_lb",
            "azurerm_public_ip.lbip",
            "azurerm_resource_group.myrg",
            "random_string.myrandom"
          ]
        }
      ]
    },
    {
      "mode": "managed",
      "type": "azurerm_lb_probe",
      "name": "web_lb_probe",
      "provider": "provider[\"registry.terraform.io/hashicorp/azurerm\"]",
      "instances": [
        {
          "schema_version": 0,
          "attributes": {
            "id": "/subscriptions/8dbd13eb-c593-46e3-9c91-862635533188/resourceGroups/HR-Dev-rg-default-574359/providers/Microsoft.Network/loadBalancers/web-lb/probes/Tcp-probe",
            "interval_in_seconds": 15,
            "load_balancer_rules": [],
            "loadbalancer_id": "/subscriptions/8dbd13eb-c593-46e3-9c91-862635533188/resourceGroups/HR-Dev-rg-default-574359/providers/Microsoft.Network/loadBalancers/web-lb",
            "name": "Tcp-probe",
            "number_of_probes": 2,
            "port": 80,
            "probe_threshold": 1,
            "protocol": "Tcp",
            "request_path": "",
            "timeouts": null
          },
          "sensitive_attributes": [],
          "private": "eyJlMmJmYjczMC1lY2FhLTExZTYtOGY4OC0zNDM2M2JjN2M0YzAiOnsiY3JlYXRlIjoxODAwMDAwMDAwMDAwLCJkZWxldGUiOjE4MDAwMDAwMDAwMDAsInJlYWQiOjMwMDAwMDAwMDAwMCwidXBkYXRlIjoxODAwMDAwMDAwMDAwfX0=",
          "dependencies": [
            "azurerm_lb.web_lb",
            "azurerm_public_ip.lbip",
            "azurerm_resource_group.myrg",
            "random_string.myrandom"
          ]
        }
      ]
    },
    {
      "mode": "managed",
      "type": "azurerm_lb_rule",
      "name": "web_lb_rule",
      "provider": "provider[\"registry.terraform.io/hashicorp/azurerm\"]",
      "instances": [
        {
          "schema_version": 0,
          "attributes": {
            "backend_address_pool_ids": [
              "/subscriptions/8dbd13eb-c593-46e3-9c91-862635533188/resourceGroups/HR-Dev-rg-default-574359/providers/Microsoft.Network/loadBalancers/web-lb/backendAddressPools/backendpool-1"
            ],
            "backend_port": 80,
            "disable_outbound_snat": false,
            "enable_floating_ip": false,
            "enable_tcp_reset": false,
            "frontend_ip_configuration_id": "/subscriptions/8dbd13eb-c593-46e3-9c91-862635533188/resourceGroups/HR-Dev-rg-default-574359/providers/Microsoft.Network/loadBalancers/web-lb/frontendIPConfigurations/web-frontip",
            "frontend_ip_configuration_name": "web-frontip",
            "frontend_port": 80,
            "id": "/subscriptions/8dbd13eb-c593-46e3-9c91-862635533188/resourceGroups/HR-Dev-rg-default-574359/providers/Microsoft.Network/loadBalancers/web-lb/loadBalancingRules/web-lb-rule",
            "idle_timeout_in_minutes": 4,
            "load_distribution": "Default",
            "loadbalancer_id": "/subscriptions/8dbd13eb-c593-46e3-9c91-862635533188/resourceGroups/HR-Dev-rg-default-574359/providers/Microsoft.Network/loadBalancers/web-lb",
            "name": "web-lb-rule",
            "probe_id": "/subscriptions/8dbd13eb-c593-46e3-9c91-862635533188/resourceGroups/HR-Dev-rg-default-574359/providers/Microsoft.Network/loadBalancers/web-lb/probes/Tcp-probe",
            "protocol": "Tcp",
            "timeouts": null
          },
          "sensitive_attributes": [],
          "private": "eyJlMmJmYjczMC1lY2FhLTExZTYtOGY4OC0zNDM2M2JjN2M0YzAiOnsiY3JlYXRlIjoxODAwMDAwMDAwMDAwLCJkZWxldGUiOjE4MDAwMDAwMDAwMDAsInJlYWQiOjMwMDAwMDAwMDAwMCwidXBkYXRlIjoxODAwMDAwMDAwMDAwfX0=",
          "dependencies": [
            "azurerm_lb.web_lb",
            "azurerm_lb_backend_address_pool.backend_pool",
            "azurerm_lb_probe.web_lb_probe",
            "azurerm_public_ip.lbip",
            "azurerm_resource_group.myrg",
            "random_string.myrandom"
          ]
        }
      ]
    },
    {
      "mode": "managed",
      "type": "azurerm_linux_virtual_machine",
      "name": "weblinuxvm",
      "provider": "provider[\"registry.terraform.io/hashicorp/azurerm\"]",
      "instances": [
        {
          "schema_version": 0,
          "attributes": {
            "additional_capabilities": [],
            "admin_password": null,
            "admin_ssh_key": [
              {
                "public_key": "ssh-rsa AAAAB3NzaC1yc2EAAAADAQABAAACAQC47ngQnheq8/Si02fsShL0oDztX2YJ6LQwSPvlD4CLJQ8YsTBmxAzYl5KnJ0j4UFH6+U8D5veiVBS7mWYql9PX/kyVipq/DMowMAoC+gtA4CRM6J7At1XR4x7pDp2gglACy7C7JkHI2xgXeSvfwYDXVUpFlouvjlGxMMeHzUK10NYrTpKd7RdRt3W2tbvlcRk/qwj3hM8LOG4PIf6SsDRLzrZ53E6UWbbP0Kq3rNggZMeIjrt8HprDSKcDE8yOCoYWcOvoA3C8MtalvPwjjSYWLLsvN3bv9zo6lJdZ1Koi0AVBkibURIiZqRQWMkvTB+G4cbh3SwytmG8U5DK8avbuIEZs2IPNYCPFoFeX8V1nUq8uZQXST76mNJWv4aFw9dPVNN2Qn0JkqgBxgIOZe5b/EV0bksf66fOebpkLrZd5qhhpUAnUOT7KRfeBQ+pFUwF92zC+xB/DBji3JM3vymC9UfGIHfitqZgW+60T9rv45crq0rHV93GlvkyVw8RQkz4hrOaq/rha42qvgL5p4G0tscpwBAbSijoPh6B1PzrlooGXQiHNU2/XbgCJxyc/Yh52FC0OQ3c+MARsJH45HxoX2GNk8m0pBczCNJoK9Jof9FDUd6ycSGSGUYU6UYVnTxoFpMAnDPxtBe+NBl0i+/MyEepLOongqrcuTYI3pH652w== azureuser@myserver\r\n",
                "username": "azureuser"
              }
            ],
            "admin_username": "azureuser",
            "allow_extension_operations": true,
            "availability_set_id": "",
            "boot_diagnostics": [],
            "bypass_platform_safety_checks_on_user_schedule_enabled": false,
            "capacity_reservation_group_id": "",
            "computer_name": "web-vm",
            "custom_data": null,
            "dedicated_host_group_id": "",
            "dedicated_host_id": "",
            "disable_password_authentication": true,
            "disk_controller_type": "SCSI",
            "edge_zone": "",
            "encryption_at_host_enabled": false,
            "eviction_policy": "",
            "extensions_time_budget": "PT1H30M",
            "gallery_application": [],
            "id": "/subscriptions/8dbd13eb-c593-46e3-9c91-862635533188/resourceGroups/HR-Dev-rg-default-574359/providers/Microsoft.Compute/virtualMachines/HR-Dev-weblinuxvm",
            "identity": [],
            "license_type": "",
            "location": "eastus",
            "max_bid_price": -1,
            "name": "HR-Dev-weblinuxvm",
            "network_interface_ids": [
              "/subscriptions/8dbd13eb-c593-46e3-9c91-862635533188/resourceGroups/HR-Dev-rg-default-574359/providers/Microsoft.Network/networkInterfaces/HR-Dev-nic"
            ],
            "os_disk": [
              {
                "caching": "ReadWrite",
                "diff_disk_settings": [],
                "disk_encryption_set_id": "",
                "disk_size_gb": 64,
                "name": "HR-Dev-weblinuxvm_OsDisk_1_3dc55d0cdf794782a6b51fc63fd6e009",
                "secure_vm_disk_encryption_set_id": "",
                "security_encryption_type": "",
                "storage_account_type": "Standard_LRS",
                "write_accelerator_enabled": false
              }
            ],
            "os_image_notification": [],
            "patch_assessment_mode": "ImageDefault",
            "patch_mode": "ImageDefault",
            "plan": [],
            "platform_fault_domain": -1,
            "priority": "Regular",
            "private_ip_address": "10.1.1.4",
            "private_ip_addresses": [
              "10.1.1.4"
            ],
            "provision_vm_agent": true,
            "proximity_placement_group_id": "",
            "public_ip_address": "40.88.13.221",
            "public_ip_addresses": [
              "40.88.13.221"
            ],
            "reboot_setting": "",
            "resource_group_name": "HR-Dev-rg-default-574359",
            "secret": [],
            "secure_boot_enabled": false,
            "size": "Standard_DS1_v2",
            "source_image_id": "",
            "source_image_reference": [
              {
                "offer": "RHEL",
                "publisher": "RedHat",
                "sku": "83-gen2",
                "version": "latest"
              }
            ],
            "tags": {},
            "termination_notification": [],
            "timeouts": null,
            "user_data": "",
            "virtual_machine_id": "a10766a4-9ebd-497f-81b6-40545841a803",
            "virtual_machine_scale_set_id": "",
            "vm_agent_platform_updates_enabled": false,
            "vtpm_enabled": false,
            "zone": ""
          },
          "sensitive_attributes": [
            [
              {
                "type": "get_attr",
                "value": "admin_password"
              }
            ],
            [
              {
                "type": "get_attr",
                "value": "custom_data"
              }
            ]
          ],
          "private": "eyJlMmJmYjczMC1lY2FhLTExZTYtOGY4OC0zNDM2M2JjN2M0YzAiOnsiY3JlYXRlIjoyNzAwMDAwMDAwMDAwLCJkZWxldGUiOjI3MDAwMDAwMDAwMDAsInJlYWQiOjMwMDAwMDAwMDAwMCwidXBkYXRlIjoyNzAwMDAwMDAwMDAwfX0=",
          "dependencies": [
            "azurerm_network_interface.nic_for_linuxvm",
            "azurerm_public_ip.pubip_for_weblinuxvm",
            "azurerm_resource_group.myrg",
            "azurerm_subnet.websub",
            "azurerm_virtual_network.vnet",
            "random_string.myrandom"
          ]
        }
      ]
    },
    {
      "mode": "managed",
      "type": "azurerm_network_interface",
      "name": "nic_for_linuxvm",
      "provider": "provider[\"registry.terraform.io/hashicorp/azurerm\"]",
      "instances": [
        {
          "schema_version": 0,
          "attributes": {
            "accelerated_networking_enabled": false,
            "applied_dns_servers": [],
            "auxiliary_mode": "",
            "auxiliary_sku": "",
            "dns_servers": [],
            "edge_zone": "",
            "id": "/subscriptions/8dbd13eb-c593-46e3-9c91-862635533188/resourceGroups/HR-Dev-rg-default-574359/providers/Microsoft.Network/networkInterfaces/HR-Dev-nic",
            "internal_dns_name_label": "",
            "internal_domain_name_suffix": "hy3vkp5hljbejiog0aozq2er3a.bx.internal.cloudapp.net",
            "ip_configuration": [
              {
                "gateway_load_balancer_frontend_ip_configuration_id": "",
                "name": "weblinuxpubip",
                "primary": true,
                "private_ip_address": "10.1.1.4",
                "private_ip_address_allocation": "Dynamic",
                "private_ip_address_version": "IPv4",
                "public_ip_address_id": "/subscriptions/8dbd13eb-c593-46e3-9c91-862635533188/resourceGroups/HR-Dev-rg-default-574359/providers/Microsoft.Network/publicIPAddresses/HR-Dev-pubip-weblinux-vm",
                "subnet_id": "/subscriptions/8dbd13eb-c593-46e3-9c91-862635533188/resourceGroups/HR-Dev-rg-default-574359/providers/Microsoft.Network/virtualNetworks/HR-Dev-myvnet-1/subnets/HR-Dev-myvnet-1-mywebsubnet"
              }
            ],
            "ip_forwarding_enabled": false,
            "location": "eastus",
            "mac_address": "00-22-48-29-E6-23",
            "name": "HR-Dev-nic",
            "private_ip_address": "10.1.1.4",
            "private_ip_addresses": [
              "10.1.1.4"
            ],
            "resource_group_name": "HR-Dev-rg-default-574359",
            "tags": {},
            "timeouts": null,
            "virtual_machine_id": "/subscriptions/8dbd13eb-c593-46e3-9c91-862635533188/resourceGroups/HR-Dev-rg-default-574359/providers/Microsoft.Compute/virtualMachines/HR-Dev-weblinuxvm"
          },
          "sensitive_attributes": [],
          "private": "eyJlMmJmYjczMC1lY2FhLTExZTYtOGY4OC0zNDM2M2JjN2M0YzAiOnsiY3JlYXRlIjoxODAwMDAwMDAwMDAwLCJkZWxldGUiOjE4MDAwMDAwMDAwMDAsInJlYWQiOjMwMDAwMDAwMDAwMCwidXBkYXRlIjoxODAwMDAwMDAwMDAwfX0=",
          "dependencies": [
            "azurerm_public_ip.pubip_for_weblinuxvm",
            "azurerm_resource_group.myrg",
            "azurerm_subnet.websub",
            "azurerm_virtual_network.vnet",
            "random_string.myrandom"
          ]
        }
      ]
    },
    {
      "mode": "managed",
      "type": "azurerm_network_interface_security_group_association",
      "name": "nic_nsg_ass",
      "provider": "provider[\"registry.terraform.io/hashicorp/azurerm\"]",
      "instances": [
        {
          "schema_version": 0,
          "attributes": {
            "id": "/subscriptions/8dbd13eb-c593-46e3-9c91-862635533188/resourceGroups/HR-Dev-rg-default-574359/providers/Microsoft.Network/networkInterfaces/HR-Dev-nic|/subscriptions/8dbd13eb-c593-46e3-9c91-862635533188/resourceGroups/HR-Dev-rg-default-574359/providers/Microsoft.Network/networkSecurityGroups/HR-Dev-myvnet-1-mywebsubnet-nsg",
            "network_interface_id": "/subscriptions/8dbd13eb-c593-46e3-9c91-862635533188/resourceGroups/HR-Dev-rg-default-574359/providers/Microsoft.Network/networkInterfaces/HR-Dev-nic",
            "network_security_group_id": "/subscriptions/8dbd13eb-c593-46e3-9c91-862635533188/resourceGroups/HR-Dev-rg-default-574359/providers/Microsoft.Network/networkSecurityGroups/HR-Dev-myvnet-1-mywebsubnet-nsg",
            "timeouts": null
          },
          "sensitive_attributes": [],
          "private": "eyJlMmJmYjczMC1lY2FhLTExZTYtOGY4OC0zNDM2M2JjN2M0YzAiOnsiY3JlYXRlIjoxODAwMDAwMDAwMDAwLCJkZWxldGUiOjE4MDAwMDAwMDAwMDAsInJlYWQiOjMwMDAwMDAwMDAwMH19",
          "dependencies": [
            "azurerm_network_interface.nic_for_linuxvm",
            "azurerm_network_security_group.webnsg",
            "azurerm_resource_group.myrg",
            "azurerm_subnet.websub",
            "azurerm_virtual_network.vnet",
            "random_string.myrandom"
          ]
        }
      ]
    },
    {
      "mode": "managed",
      "type": "azurerm_network_security_group",
      "name": "webnsg",
      "provider": "provider[\"registry.terraform.io/hashicorp/azurerm\"]",
      "instances": [
        {
          "schema_version": 0,
          "attributes": {
            "id": "/subscriptions/8dbd13eb-c593-46e3-9c91-862635533188/resourceGroups/HR-Dev-rg-default-574359/providers/Microsoft.Network/networkSecurityGroups/HR-Dev-myvnet-1-mywebsubnet-nsg",
            "location": "eastus",
            "name": "HR-Dev-myvnet-1-mywebsubnet-nsg",
            "resource_group_name": "HR-Dev-rg-default-574359",
            "security_rule": [
              {
                "access": "Allow",
                "description": "",
                "destination_address_prefix": "22",
                "destination_address_prefixes": [],
                "destination_application_security_group_ids": [],
                "destination_port_range": "*",
                "destination_port_ranges": [],
                "direction": "Inbound",
                "name": "Rule_port-22",
                "priority": 130,
                "protocol": "Tcp",
                "source_address_prefix": "*",
                "source_address_prefixes": [],
                "source_application_security_group_ids": [],
                "source_port_range": "*",
                "source_port_ranges": []
              },
              {
                "access": "Allow",
                "description": "",
                "destination_address_prefix": "443",
                "destination_address_prefixes": [],
                "destination_application_security_group_ids": [],
                "destination_port_range": "*",
                "destination_port_ranges": [],
                "direction": "Inbound",
                "name": "Rule_port-443",
                "priority": 100,
                "protocol": "Tcp",
                "source_address_prefix": "*",
                "source_address_prefixes": [],
                "source_application_security_group_ids": [],
                "source_port_range": "*",
                "source_port_ranges": []
              },
              {
                "access": "Allow",
                "description": "",
                "destination_address_prefix": "80",
                "destination_address_prefixes": [],
                "destination_application_security_group_ids": [],
                "destination_port_range": "*",
                "destination_port_ranges": [],
                "direction": "Inbound",
                "name": "Rule_port-80",
                "priority": 120,
                "protocol": "Tcp",
                "source_address_prefix": "*",
                "source_address_prefixes": [],
                "source_application_security_group_ids": [],
                "source_port_range": "*",
                "source_port_ranges": []
              }
            ],
            "tags": {},
            "timeouts": null
          },
          "sensitive_attributes": [],
          "private": "eyJlMmJmYjczMC1lY2FhLTExZTYtOGY4OC0zNDM2M2JjN2M0YzAiOnsiY3JlYXRlIjoxODAwMDAwMDAwMDAwLCJkZWxldGUiOjE4MDAwMDAwMDAwMDAsInJlYWQiOjMwMDAwMDAwMDAwMCwidXBkYXRlIjoxODAwMDAwMDAwMDAwfX0=",
          "dependencies": [
            "azurerm_resource_group.myrg",
            "azurerm_subnet.websub",
            "azurerm_virtual_network.vnet",
            "random_string.myrandom"
          ]
        }
      ]
    },
    {
      "mode": "managed",
      "type": "azurerm_network_security_rule",
      "name": "webnsgrule",
      "provider": "provider[\"registry.terraform.io/hashicorp/azurerm\"]",
      "instances": [
        {
          "index_key": "100",
          "schema_version": 0,
          "attributes": {
            "access": "Allow",
            "description": "",
            "destination_address_prefix": "443",
            "destination_address_prefixes": [],
            "destination_application_security_group_ids": [],
            "destination_port_range": "*",
            "destination_port_ranges": [],
            "direction": "Inbound",
            "id": "/subscriptions/8dbd13eb-c593-46e3-9c91-862635533188/resourceGroups/HR-Dev-rg-default-574359/providers/Microsoft.Network/networkSecurityGroups/HR-Dev-myvnet-1-mywebsubnet-nsg/securityRules/Rule_port-443",
            "name": "Rule_port-443",
            "network_security_group_name": "HR-Dev-myvnet-1-mywebsubnet-nsg",
            "priority": 100,
            "protocol": "Tcp",
            "resource_group_name": "HR-Dev-rg-default-574359",
            "source_address_prefix": "*",
            "source_address_prefixes": [],
            "source_application_security_group_ids": [],
            "source_port_range": "*",
            "source_port_ranges": [],
            "timeouts": null
          },
          "sensitive_attributes": [],
          "private": "eyJlMmJmYjczMC1lY2FhLTExZTYtOGY4OC0zNDM2M2JjN2M0YzAiOnsiY3JlYXRlIjoxODAwMDAwMDAwMDAwLCJkZWxldGUiOjE4MDAwMDAwMDAwMDAsInJlYWQiOjMwMDAwMDAwMDAwMCwidXBkYXRlIjoxODAwMDAwMDAwMDAwfX0=",
          "dependencies": [
            "azurerm_network_security_group.webnsg",
            "azurerm_resource_group.myrg",
            "azurerm_subnet.websub",
            "azurerm_virtual_network.vnet",
            "random_string.myrandom"
          ]
        },
        {
          "index_key": "120",
          "schema_version": 0,
          "attributes": {
            "access": "Allow",
            "description": "",
            "destination_address_prefix": "80",
            "destination_address_prefixes": [],
            "destination_application_security_group_ids": [],
            "destination_port_range": "*",
            "destination_port_ranges": [],
            "direction": "Inbound",
            "id": "/subscriptions/8dbd13eb-c593-46e3-9c91-862635533188/resourceGroups/HR-Dev-rg-default-574359/providers/Microsoft.Network/networkSecurityGroups/HR-Dev-myvnet-1-mywebsubnet-nsg/securityRules/Rule_port-80",
            "name": "Rule_port-80",
            "network_security_group_name": "HR-Dev-myvnet-1-mywebsubnet-nsg",
            "priority": 120,
            "protocol": "Tcp",
            "resource_group_name": "HR-Dev-rg-default-574359",
            "source_address_prefix": "*",
            "source_address_prefixes": [],
            "source_application_security_group_ids": [],
            "source_port_range": "*",
            "source_port_ranges": [],
            "timeouts": null
          },
          "sensitive_attributes": [],
          "private": "eyJlMmJmYjczMC1lY2FhLTExZTYtOGY4OC0zNDM2M2JjN2M0YzAiOnsiY3JlYXRlIjoxODAwMDAwMDAwMDAwLCJkZWxldGUiOjE4MDAwMDAwMDAwMDAsInJlYWQiOjMwMDAwMDAwMDAwMCwidXBkYXRlIjoxODAwMDAwMDAwMDAwfX0=",
          "dependencies": [
            "azurerm_network_security_group.webnsg",
            "azurerm_resource_group.myrg",
            "azurerm_subnet.websub",
            "azurerm_virtual_network.vnet",
            "random_string.myrandom"
          ]
        },
        {
          "index_key": "130",
          "schema_version": 0,
          "attributes": {
            "access": "Allow",
            "description": "",
            "destination_address_prefix": "22",
            "destination_address_prefixes": [],
            "destination_application_security_group_ids": [],
            "destination_port_range": "*",
            "destination_port_ranges": [],
            "direction": "Inbound",
            "id": "/subscriptions/8dbd13eb-c593-46e3-9c91-862635533188/resourceGroups/HR-Dev-rg-default-574359/providers/Microsoft.Network/networkSecurityGroups/HR-Dev-myvnet-1-mywebsubnet-nsg/securityRules/Rule_port-22",
            "name": "Rule_port-22",
            "network_security_group_name": "HR-Dev-myvnet-1-mywebsubnet-nsg",
            "priority": 130,
            "protocol": "Tcp",
            "resource_group_name": "HR-Dev-rg-default-574359",
            "source_address_prefix": "*",
            "source_address_prefixes": [],
            "source_application_security_group_ids": [],
            "source_port_range": "*",
            "source_port_ranges": [],
            "timeouts": null
          },
          "sensitive_attributes": [],
          "private": "eyJlMmJmYjczMC1lY2FhLTExZTYtOGY4OC0zNDM2M2JjN2M0YzAiOnsiY3JlYXRlIjoxODAwMDAwMDAwMDAwLCJkZWxldGUiOjE4MDAwMDAwMDAwMDAsInJlYWQiOjMwMDAwMDAwMDAwMCwidXBkYXRlIjoxODAwMDAwMDAwMDAwfX0=",
          "dependencies": [
            "azurerm_network_security_group.webnsg",
            "azurerm_resource_group.myrg",
            "azurerm_subnet.websub",
            "azurerm_virtual_network.vnet",
            "random_string.myrandom"
          ]
        }
      ]
    },
    {
      "mode": "managed",
      "type": "azurerm_public_ip",
      "name": "bastion_public_ip",
      "provider": "provider[\"registry.terraform.io/hashicorp/azurerm\"]",
      "instances": [
        {
          "schema_version": 0,
          "attributes": {
            "allocation_method": "Static",
            "ddos_protection_mode": "VirtualNetworkInherited",
            "ddos_protection_plan_id": null,
            "domain_name_label": null,
            "domain_name_label_scope": null,
            "edge_zone": "",
            "fqdn": null,
            "id": "/subscriptions/8dbd13eb-c593-46e3-9c91-862635533188/resourceGroups/HR-Dev-rg-default-574359/providers/Microsoft.Network/publicIPAddresses/HR-Dev-bastion-pub-ip",
            "idle_timeout_in_minutes": 4,
            "ip_address": "172.191.44.51",
            "ip_tags": {},
            "ip_version": "IPv4",
            "location": "eastus",
            "name": "HR-Dev-bastion-pub-ip",
            "public_ip_prefix_id": null,
            "resource_group_name": "HR-Dev-rg-default-574359",
            "reverse_fqdn": null,
            "sku": "Standard",
            "sku_tier": "Regional",
            "tags": {},
            "timeouts": null,
            "zones": []
          },
          "sensitive_attributes": [],
          "private": "eyJlMmJmYjczMC1lY2FhLTExZTYtOGY4OC0zNDM2M2JjN2M0YzAiOnsiY3JlYXRlIjoxODAwMDAwMDAwMDAwLCJkZWxldGUiOjE4MDAwMDAwMDAwMDAsInJlYWQiOjMwMDAwMDAwMDAwMCwidXBkYXRlIjoxODAwMDAwMDAwMDAwfX0=",
          "dependencies": [
            "azurerm_resource_group.myrg",
            "random_string.myrandom"
          ]
        }
      ]
    },
    {
      "mode": "managed",
      "type": "azurerm_public_ip",
      "name": "lbip",
      "provider": "provider[\"registry.terraform.io/hashicorp/azurerm\"]",
      "instances": [
        {
          "schema_version": 0,
          "attributes": {
            "allocation_method": "Static",
            "ddos_protection_mode": "VirtualNetworkInherited",
            "ddos_protection_plan_id": null,
            "domain_name_label": null,
            "domain_name_label_scope": null,
            "edge_zone": "",
            "fqdn": null,
            "id": "/subscriptions/8dbd13eb-c593-46e3-9c91-862635533188/resourceGroups/HR-Dev-rg-default-574359/providers/Microsoft.Network/publicIPAddresses/web-lb-ip",
            "idle_timeout_in_minutes": 4,
            "ip_address": "4.236.134.197",
            "ip_tags": null,
            "ip_version": "IPv4",
            "location": "eastus",
            "name": "web-lb-ip",
            "public_ip_prefix_id": null,
            "resource_group_name": "HR-Dev-rg-default-574359",
            "reverse_fqdn": null,
            "sku": "Standard",
            "sku_tier": "Regional",
            "tags": {
              "environmnet": "Dev",
              "owners": "HR"
            },
            "timeouts": null,
            "zones": null
          },
          "sensitive_attributes": [],
          "private": "eyJlMmJmYjczMC1lY2FhLTExZTYtOGY4OC0zNDM2M2JjN2M0YzAiOnsiY3JlYXRlIjoxODAwMDAwMDAwMDAwLCJkZWxldGUiOjE4MDAwMDAwMDAwMDAsInJlYWQiOjMwMDAwMDAwMDAwMCwidXBkYXRlIjoxODAwMDAwMDAwMDAwfX0=",
          "dependencies": [
            "azurerm_resource_group.myrg",
            "random_string.myrandom"
          ]
        }
      ]
    },
    {
      "mode": "managed",
      "type": "azurerm_public_ip",
      "name": "pubip_for_weblinuxvm",
      "provider": "provider[\"registry.terraform.io/hashicorp/azurerm\"]",
      "instances": [
        {
          "schema_version": 0,
          "attributes": {
            "allocation_method": "Static",
            "ddos_protection_mode": "VirtualNetworkInherited",
            "ddos_protection_plan_id": null,
            "domain_name_label": null,
            "domain_name_label_scope": null,
            "edge_zone": "",
            "fqdn": null,
            "id": "/subscriptions/8dbd13eb-c593-46e3-9c91-862635533188/resourceGroups/HR-Dev-rg-default-574359/providers/Microsoft.Network/publicIPAddresses/HR-Dev-pubip-weblinux-vm",
            "idle_timeout_in_minutes": 4,
            "ip_address": "40.88.13.221",
            "ip_tags": {},
            "ip_version": "IPv4",
            "location": "eastus",
            "name": "HR-Dev-pubip-weblinux-vm",
            "public_ip_prefix_id": null,
            "resource_group_name": "HR-Dev-rg-default-574359",
            "reverse_fqdn": null,
            "sku": "Standard",
            "sku_tier": "Regional",
            "tags": {},
            "timeouts": null,
            "zones": []
          },
          "sensitive_attributes": [],
          "private": "eyJlMmJmYjczMC1lY2FhLTExZTYtOGY4OC0zNDM2M2JjN2M0YzAiOnsiY3JlYXRlIjoxODAwMDAwMDAwMDAwLCJkZWxldGUiOjE4MDAwMDAwMDAwMDAsInJlYWQiOjMwMDAwMDAwMDAwMCwidXBkYXRlIjoxODAwMDAwMDAwMDAwfX0=",
          "dependencies": [
            "azurerm_resource_group.myrg",
            "random_string.myrandom"
          ]
        }
      ]
    },
    {
      "mode": "managed",
      "type": "azurerm_resource_group",
      "name": "myrg",
      "provider": "provider[\"registry.terraform.io/hashicorp/azurerm\"]",
      "instances": [
        {
          "schema_version": 0,
          "attributes": {
            "id": "/subscriptions/8dbd13eb-c593-46e3-9c91-862635533188/resourceGroups/HR-Dev-rg-default-574359",
            "location": "eastus",
            "managed_by": "",
            "name": "HR-Dev-rg-default-574359",
            "tags": {
              "environmnet": "Dev",
              "owners": "HR"
            },
            "timeouts": null
          },
          "sensitive_attributes": [],
          "private": "eyJlMmJmYjczMC1lY2FhLTExZTYtOGY4OC0zNDM2M2JjN2M0YzAiOnsiY3JlYXRlIjo1NDAwMDAwMDAwMDAwLCJkZWxldGUiOjU0MDAwMDAwMDAwMDAsInJlYWQiOjMwMDAwMDAwMDAwMCwidXBkYXRlIjo1NDAwMDAwMDAwMDAwfX0=",
          "dependencies": [
            "random_string.myrandom"
          ]
        }
      ]
    },
    {
      "mode": "managed",
      "type": "azurerm_subnet",
      "name": "bastion_service_subnet",
      "provider": "provider[\"registry.terraform.io/hashicorp/azurerm\"]",
      "instances": [
        {
          "schema_version": 0,
          "attributes": {
            "address_prefixes": [
              "10.1.100.0/24"
            ],
            "default_outbound_access_enabled": true,
            "delegation": [],
            "id": "/subscriptions/8dbd13eb-c593-46e3-9c91-862635533188/resourceGroups/HR-Dev-rg-default-574359/providers/Microsoft.Network/virtualNetworks/HR-Dev-myvnet-1/subnets/AzureBastionSubnet",
            "name": "AzureBastionSubnet",
            "private_endpoint_network_policies": "Disabled",
            "private_link_service_network_policies_enabled": true,
            "resource_group_name": "HR-Dev-rg-default-574359",
            "service_endpoint_policy_ids": [],
            "service_endpoints": [],
            "timeouts": null,
            "virtual_network_name": "HR-Dev-myvnet-1"
          },
          "sensitive_attributes": [],
          "private": "eyJlMmJmYjczMC1lY2FhLTExZTYtOGY4OC0zNDM2M2JjN2M0YzAiOnsiY3JlYXRlIjoxODAwMDAwMDAwMDAwLCJkZWxldGUiOjE4MDAwMDAwMDAwMDAsInJlYWQiOjMwMDAwMDAwMDAwMCwidXBkYXRlIjoxODAwMDAwMDAwMDAwfX0=",
          "dependencies": [
            "azurerm_resource_group.myrg",
            "azurerm_virtual_network.vnet",
            "random_string.myrandom"
          ]
        }
      ]
    },
    {
      "mode": "managed",
      "type": "azurerm_subnet",
      "name": "websub",
      "provider": "provider[\"registry.terraform.io/hashicorp/azurerm\"]",
      "instances": [
        {
          "schema_version": 0,
          "attributes": {
            "address_prefixes": [
              "10.1.1.0/24"
            ],
            "default_outbound_access_enabled": true,
            "delegation": [],
            "id": "/subscriptions/8dbd13eb-c593-46e3-9c91-862635533188/resourceGroups/HR-Dev-rg-default-574359/providers/Microsoft.Network/virtualNetworks/HR-Dev-myvnet-1/subnets/HR-Dev-myvnet-1-mywebsubnet",
            "name": "HR-Dev-myvnet-1-mywebsubnet",
            "private_endpoint_network_policies": "Disabled",
            "private_link_service_network_policies_enabled": true,
            "resource_group_name": "HR-Dev-rg-default-574359",
            "service_endpoint_policy_ids": [],
            "service_endpoints": [],
            "timeouts": null,
            "virtual_network_name": "HR-Dev-myvnet-1"
          },
          "sensitive_attributes": [],
          "private": "eyJlMmJmYjczMC1lY2FhLTExZTYtOGY4OC0zNDM2M2JjN2M0YzAiOnsiY3JlYXRlIjoxODAwMDAwMDAwMDAwLCJkZWxldGUiOjE4MDAwMDAwMDAwMDAsInJlYWQiOjMwMDAwMDAwMDAwMCwidXBkYXRlIjoxODAwMDAwMDAwMDAwfX0=",
          "dependencies": [
            "azurerm_resource_group.myrg",
            "azurerm_virtual_network.vnet",
            "random_string.myrandom"
          ]
        }
      ]
    },
    {
      "mode": "managed",
      "type": "azurerm_subnet_network_security_group_association",
      "name": "webnsgass",
      "provider": "provider[\"registry.terraform.io/hashicorp/azurerm\"]",
      "instances": [
        {
          "schema_version": 0,
          "attributes": {
            "id": "/subscriptions/8dbd13eb-c593-46e3-9c91-862635533188/resourceGroups/HR-Dev-rg-default-574359/providers/Microsoft.Network/virtualNetworks/HR-Dev-myvnet-1/subnets/HR-Dev-myvnet-1-mywebsubnet",
            "network_security_group_id": "/subscriptions/8dbd13eb-c593-46e3-9c91-862635533188/resourceGroups/HR-Dev-rg-default-574359/providers/Microsoft.Network/networkSecurityGroups/HR-Dev-myvnet-1-mywebsubnet-nsg",
            "subnet_id": "/subscriptions/8dbd13eb-c593-46e3-9c91-862635533188/resourceGroups/HR-Dev-rg-default-574359/providers/Microsoft.Network/virtualNetworks/HR-Dev-myvnet-1/subnets/HR-Dev-myvnet-1-mywebsubnet",
            "timeouts": null
          },
          "sensitive_attributes": [],
          "private": "eyJlMmJmYjczMC1lY2FhLTExZTYtOGY4OC0zNDM2M2JjN2M0YzAiOnsiY3JlYXRlIjoxODAwMDAwMDAwMDAwLCJkZWxldGUiOjE4MDAwMDAwMDAwMDAsInJlYWQiOjMwMDAwMDAwMDAwMH19",
          "dependencies": [
            "azurerm_network_security_group.webnsg",
            "azurerm_network_security_rule.webnsgrule",
            "azurerm_resource_group.myrg",
            "azurerm_subnet.websub",
            "azurerm_virtual_network.vnet",
            "random_string.myrandom"
          ]
        }
      ]
    },
    {
      "mode": "managed",
      "type": "azurerm_virtual_network",
      "name": "vnet",
      "provider": "provider[\"registry.terraform.io/hashicorp/azurerm\"]",
      "instances": [
        {
          "schema_version": 0,
          "attributes": {
            "address_space": [
              "10.1.0.0/16"
            ],
            "bgp_community": "",
            "ddos_protection_plan": [],
            "dns_servers": [],
            "edge_zone": "",
            "encryption": [],
            "flow_timeout_in_minutes": 0,
            "guid": "3f553b3e-5ae7-4442-a1c6-d01d987091e8",
            "id": "/subscriptions/8dbd13eb-c593-46e3-9c91-862635533188/resourceGroups/HR-Dev-rg-default-574359/providers/Microsoft.Network/virtualNetworks/HR-Dev-myvnet-1",
            "location": "eastus",
            "name": "HR-Dev-myvnet-1",
            "resource_group_name": "HR-Dev-rg-default-574359",
            "subnet": [
              {
                "address_prefixes": [
                  "10.1.1.0/24"
                ],
                "default_outbound_access_enabled": true,
                "delegation": [],
                "id": "/subscriptions/8dbd13eb-c593-46e3-9c91-862635533188/resourceGroups/HR-Dev-rg-default-574359/providers/Microsoft.Network/virtualNetworks/HR-Dev-myvnet-1/subnets/HR-Dev-myvnet-1-mywebsubnet",
                "name": "HR-Dev-myvnet-1-mywebsubnet",
                "private_endpoint_network_policies": "Disabled",
                "private_link_service_network_policies_enabled": true,
                "route_table_id": "",
                "security_group": "/subscriptions/8dbd13eb-c593-46e3-9c91-862635533188/resourceGroups/HR-Dev-rg-default-574359/providers/Microsoft.Network/networkSecurityGroups/HR-Dev-myvnet-1-mywebsubnet-nsg",
                "service_endpoint_policy_ids": [],
                "service_endpoints": []
              },
              {
                "address_prefixes": [
                  "10.1.100.0/24"
                ],
                "default_outbound_access_enabled": true,
                "delegation": [],
                "id": "/subscriptions/8dbd13eb-c593-46e3-9c91-862635533188/resourceGroups/HR-Dev-rg-default-574359/providers/Microsoft.Network/virtualNetworks/HR-Dev-myvnet-1/subnets/AzureBastionSubnet",
                "name": "AzureBastionSubnet",
                "private_endpoint_network_policies": "Disabled",
                "private_link_service_network_policies_enabled": true,
                "route_table_id": "",
                "security_group": "",
                "service_endpoint_policy_ids": [],
                "service_endpoints": []
              }
            ],
            "tags": {
              "environmnet": "Dev",
              "owners": "HR"
            },
            "timeouts": null
          },
          "sensitive_attributes": [],
          "private": "eyJlMmJmYjczMC1lY2FhLTExZTYtOGY4OC0zNDM2M2JjN2M0YzAiOnsiY3JlYXRlIjoxODAwMDAwMDAwMDAwLCJkZWxldGUiOjE4MDAwMDAwMDAwMDAsInJlYWQiOjMwMDAwMDAwMDAwMCwidXBkYXRlIjoxODAwMDAwMDAwMDAwfX0=",
          "dependencies": [
            "azurerm_resource_group.myrg",
            "random_string.myrandom"
          ]
        }
      ]
    },
    {
      "mode": "managed",
      "type": "random_string",
      "name": "myrandom",
      "provider": "provider[\"registry.terraform.io/hashicorp/random\"]",
      "instances": [
        {
          "schema_version": 2,
          "attributes": {
            "id": "574359",
            "keepers": null,
            "length": 6,
            "lower": false,
            "min_lower": 0,
            "min_numeric": 0,
            "min_special": 0,
            "min_upper": 0,
            "number": true,
            "numeric": true,
            "override_special": null,
            "result": "574359",
            "special": false,
            "upper": false
          },
          "sensitive_attributes": []
        }
      ]
    }
  ],
  "check_results": null
}
